
Microsoft Visual Studio Solution File, Format Version 12.00
# Visual Studio Version 17
VisualStudioVersion = 17.12.35506.116 d17.12
MinimumVisualStudioVersion = 10.0.40219.1
Project("{FAE04EC0-301F-11D3-BF4B-00C04F79EFBC}") = "EquityPositions.Api", "EquityPositions.Api\EquityPositions.Api.csproj", "{2A7384C8-76AF-4A7B-88FA-CD242AB9FC9C}"
EndProject
Project("{FAE04EC0-301F-11D3-BF4B-00C04F79EFBC}") = "EquityPositions.Domain", "EquityPositions.Domain\EquityPositions.Domain.csproj", "{9367B77B-9EF9-4305-9AD0-BA307C45DB22}"
EndProject
Project("{FAE04EC0-301F-11D3-BF4B-00C04F79EFBC}") = "EquityPositions.Persistence", "EquityPositions.Persistence\EquityPositions.Persistence.csproj", "{D2B0A4BE-42C1-4E0F-BA20-1A0411E56048}"
EndProject
Global
	GlobalSection(SolutionConfigurationPlatforms) = preSolution
		Debug|Any CPU = Debug|Any CPU
		Release|Any CPU = Release|Any CPU
	EndGlobalSection
	GlobalSection(ProjectConfigurationPlatforms) = postSolution
		{2A7384C8-76AF-4A7B-88FA-CD242AB9FC9C}.Debug|Any CPU.ActiveCfg = Debug|Any CPU
		{2A7384C8-76AF-4A7B-88FA-CD242AB9FC9C}.Debug|Any CPU.Build.0 = Debug|Any CPU
		{2A7384C8-76AF-4A7B-88FA-CD242AB9FC9C}.Release|Any CPU.ActiveCfg = Release|Any CPU
		{2A7384C8-76AF-4A7B-88FA-CD242AB9FC9C}.Release|Any CPU.Build.0 = Release|Any CPU
		{9367B77B-9EF9-4305-9AD0-BA307C45DB22}.Debug|Any CPU.ActiveCfg = Debug|Any CPU
		{9367B77B-9EF9-4305-9AD0-BA307C45DB22}.Debug|Any CPU.Build.0 = Debug|Any CPU
		{9367B77B-9EF9-4305-9AD0-BA307C45DB22}.Release|Any CPU.ActiveCfg = Release|Any CPU
		{9367B77B-9EF9-4305-9AD0-BA307C45DB22}.Release|Any CPU.Build.0 = Release|Any CPU
		{D2B0A4BE-42C1-4E0F-BA20-1A0411E56048}.Debug|Any CPU.ActiveCfg = Debug|Any CPU
		{D2B0A4BE-42C1-4E0F-BA20-1A0411E56048}.Debug|Any CPU.Build.0 = Debug|Any CPU
		{D2B0A4BE-42C1-4E0F-BA20-1A0411E56048}.Release|Any CPU.ActiveCfg = Release|Any CPU
		{D2B0A4BE-42C1-4E0F-BA20-1A0411E56048}.Release|Any CPU.Build.0 = Release|Any CPU
	EndGlobalSection
	GlobalSection(SolutionProperties) = preSolution
		HideSolutionNode = FALSE
	EndGlobalSection
EndGlobal
